// !$*UTF8*$!
{
	archiveVersion = 1;
	classes = {
	};
	objectVersion = 60;
	objects = {

/* Begin PBXBuildFile section */
		6263C1652F26C5EC00A53DC1 /* AdjutantKit in Frameworks */ = {isa = PBXBuildFile; productRef = 6263C1642F26C5EC00A53DC1 /* AdjutantKit */; };
		A01234560000000000000001 /* AdjutantApp.swift in Sources */ = {isa = PBXBuildFile; fileRef = A01234570000000000000001 /* AdjutantApp.swift */; };
		A01234560000000000000040 /* AppDelegate.swift in Sources */ = {isa = PBXBuildFile; fileRef = A01234570000000000000040 /* AppDelegate.swift */; };
		A01234560000000000000003 /* Assets.xcassets in Resources */ = {isa = PBXBuildFile; fileRef = A01234570000000000000003 /* Assets.xcassets */; };
		A01234560000000000000004 /* Preview Assets.xcassets in Resources */ = {isa = PBXBuildFile; fileRef = A01234570000000000000004 /* Preview Assets.xcassets */; };
		A01234560000000000000010 /* AdjutantTests.swift in Sources */ = {isa = PBXBuildFile; fileRef = A01234570000000000000010 /* AdjutantTests.swift */; };
		A01234560000000000000011 /* TTSPlaybackServiceTests.swift in Sources */ = {isa = PBXBuildFile; fileRef = A01234570000000000000011 /* TTSPlaybackServiceTests.swift */; };
		A01234560000000000000020 /* AdjutantUITests.swift in Sources */ = {isa = PBXBuildFile; fileRef = A01234570000000000000020 /* AdjutantUITests.swift */; };
		A01234560000000000000021 /* AdjutantUITestsLaunchTests.swift in Sources */ = {isa = PBXBuildFile; fileRef = A01234570000000000000021 /* AdjutantUITestsLaunchTests.swift */; };
		A01234560000000000000052 /* AdjutantUI in Frameworks */ = {isa = PBXBuildFile; productRef = A01234710000000000000003 /* AdjutantUI */; };
		A012345600000000000000W1 /* AdjutantWidgets.swift in Sources */ = {isa = PBXBuildFile; fileRef = A012345700000000000000W1 /* AdjutantWidgets.swift */; };
		A012345600000000000000W2 /* WidgetKit.framework in Frameworks */ = {isa = PBXBuildFile; fileRef = A012345700000000000000W2 /* WidgetKit.framework */; };
		A012345600000000000000W3 /* SwiftUI.framework in Frameworks */ = {isa = PBXBuildFile; fileRef = A012345700000000000000W3 /* SwiftUI.framework */; };
		A012345600000000000000W4 /* AdjutantWidgets.appex in Embed Foundation Extensions */ = {isa = PBXBuildFile; fileRef = A012345B00000000000000W1 /* AdjutantWidgets.appex */; settings = {ATTRIBUTES = (RemoveHeadersOnCopy, ); }; };
/* End PBXBuildFile section */

/* Begin PBXContainerItemProxy section */
		A01234580000000000000010 /* PBXContainerItemProxy */ = {
			isa = PBXContainerItemProxy;
			containerPortal = A01234590000000000000001 /* Project object */;
			proxyType = 1;
			remoteGlobalIDString = A012345A0000000000000001;
			remoteInfo = Adjutant;
		};
		A01234580000000000000020 /* PBXContainerItemProxy */ = {
			isa = PBXContainerItemProxy;
			containerPortal = A01234590000000000000001 /* Project object */;
			proxyType = 1;
			remoteGlobalIDString = A012345A0000000000000001;
			remoteInfo = Adjutant;
		};
		A0123458000000000000W001 /* PBXContainerItemProxy */ = {
			isa = PBXContainerItemProxy;
			containerPortal = A01234590000000000000001 /* Project object */;
			proxyType = 1;
			remoteGlobalIDString = A012345A00000000000000W1;
			remoteInfo = AdjutantWidgets;
		};
/* End PBXContainerItemProxy section */

/* Begin PBXFileReference section */
		A01234570000000000000001 /* AdjutantApp.swift */ = {isa = PBXFileReference; lastKnownFileType = sourcecode.swift; path = AdjutantApp.swift; sourceTree = "<group>"; };
		A01234570000000000000002 /* ContentView.swift */ = {isa = PBXFileReference; lastKnownFileType = sourcecode.swift; path = ContentView.swift; sourceTree = "<group>"; };
		A01234570000000000000040 /* AppDelegate.swift */ = {isa = PBXFileReference; lastKnownFileType = sourcecode.swift; path = AppDelegate.swift; sourceTree = "<group>"; };
		A01234570000000000000003 /* Assets.xcassets */ = {isa = PBXFileReference; lastKnownFileType = folder.assetcatalog; path = Assets.xcassets; sourceTree = "<group>"; };
		A01234570000000000000004 /* Preview Assets.xcassets */ = {isa = PBXFileReference; lastKnownFileType = folder.assetcatalog; path = "Preview Assets.xcassets"; sourceTree = "<group>"; };
		A01234570000000000000010 /* AdjutantTests.swift */ = {isa = PBXFileReference; lastKnownFileType = sourcecode.swift; path = AdjutantTests.swift; sourceTree = "<group>"; };
		A01234570000000000000011 /* TTSPlaybackServiceTests.swift */ = {isa = PBXFileReference; lastKnownFileType = sourcecode.swift; path = TTSPlaybackServiceTests.swift; sourceTree = "<group>"; };
		A01234570000000000000020 /* AdjutantUITests.swift */ = {isa = PBXFileReference; lastKnownFileType = sourcecode.swift; path = AdjutantUITests.swift; sourceTree = "<group>"; };
		A01234570000000000000021 /* AdjutantUITestsLaunchTests.swift */ = {isa = PBXFileReference; lastKnownFileType = sourcecode.swift; path = AdjutantUITestsLaunchTests.swift; sourceTree = "<group>"; };
		A01234570000000000000030 /* TTSPlaybackService.swift */ = {isa = PBXFileReference; lastKnownFileType = sourcecode.swift; path = TTSPlaybackService.swift; sourceTree = "<group>"; };
		A012345700000000000000W1 /* AdjutantWidgets.swift */ = {isa = PBXFileReference; lastKnownFileType = sourcecode.swift; path = AdjutantWidgets.swift; sourceTree = "<group>"; };
		A012345700000000000000W2 /* WidgetKit.framework */ = {isa = PBXFileReference; lastKnownFileType = wrapper.framework; name = WidgetKit.framework; path = System/Library/Frameworks/WidgetKit.framework; sourceTree = SDKROOT; };
		A012345700000000000000W3 /* SwiftUI.framework */ = {isa = PBXFileReference; lastKnownFileType = wrapper.framework; name = SwiftUI.framework; path = System/Library/Frameworks/SwiftUI.framework; sourceTree = SDKROOT; };
		A012345700000000000000W4 /* Info.plist */ = {isa = PBXFileReference; lastKnownFileType = text.plist.xml; path = Info.plist; sourceTree = "<group>"; };
		A012345B0000000000000001 /* Adjutant.app */ = {isa = PBXFileReference; explicitFileType = wrapper.application; includeInIndex = 0; path = Adjutant.app; sourceTree = BUILT_PRODUCTS_DIR; };
		A012345B0000000000000010 /* AdjutantTests.xctest */ = {isa = PBXFileReference; explicitFileType = wrapper.cfbundle; includeInIndex = 0; path = AdjutantTests.xctest; sourceTree = BUILT_PRODUCTS_DIR; };
		A012345B0000000000000020 /* AdjutantUITests.xctest */ = {isa = PBXFileReference; explicitFileType = wrapper.cfbundle; includeInIndex = 0; path = AdjutantUITests.xctest; sourceTree = BUILT_PRODUCTS_DIR; };
		A012345B00000000000000W1 /* AdjutantWidgets.appex */ = {isa = PBXFileReference; explicitFileType = "wrapper.app-extension"; includeInIndex = 0; path = AdjutantWidgets.appex; sourceTree = BUILT_PRODUCTS_DIR; };
/* End PBXFileReference section */

/* Begin PBXFrameworksBuildPhase section */
		A012345C0000000000000001 /* Frameworks */ = {
			isa = PBXFrameworksBuildPhase;
			buildActionMask = 2147483647;
			files = (
				6263C1652F26C5EC00A53DC1 /* AdjutantKit in Frameworks */,
				A01234560000000000000052 /* AdjutantUI in Frameworks */,
			);
			runOnlyForDeploymentPostprocessing = 0;
		};
		A012345C0000000000000010 /* Frameworks */ = {
			isa = PBXFrameworksBuildPhase;
			buildActionMask = 2147483647;
			files = (
			);
			runOnlyForDeploymentPostprocessing = 0;
		};
		A012345C0000000000000020 /* Frameworks */ = {
			isa = PBXFrameworksBuildPhase;
			buildActionMask = 2147483647;
			files = (
			);
			runOnlyForDeploymentPostprocessing = 0;
		};
		A012345C00000000000000W1 /* Frameworks */ = {
			isa = PBXFrameworksBuildPhase;
			buildActionMask = 2147483647;
			files = (
				A012345600000000000000W2 /* WidgetKit.framework in Frameworks */,
				A012345600000000000000W3 /* SwiftUI.framework in Frameworks */,
			);
			runOnlyForDeploymentPostprocessing = 0;
		};
/* End PBXFrameworksBuildPhase section */

/* Begin PBXGroup section */
		A012345D0000000000000001 = {
			isa = PBXGroup;
			children = (
				A012345D0000000000000002 /* Adjutant */,
				A012345D00000000000000W1 /* AdjutantWidgets */,
				A012345D0000000000000010 /* AdjutantTests */,
				A012345D0000000000000020 /* AdjutantUITests */,
				A012345D00000000000000W9 /* Frameworks */,
				A012345D0000000000000099 /* Products */,
			);
			sourceTree = "<group>";
		};
		A012345D00000000000000W1 /* AdjutantWidgets */ = {
			isa = PBXGroup;
			children = (
				A012345700000000000000W1 /* AdjutantWidgets.swift */,
				A012345700000000000000W4 /* Info.plist */,
			);
			path = AdjutantWidgets;
			sourceTree = "<group>";
		};
		A012345D00000000000000W9 /* Frameworks */ = {
			isa = PBXGroup;
			children = (
				A012345700000000000000W2 /* WidgetKit.framework */,
				A012345700000000000000W3 /* SwiftUI.framework */,
			);
			name = Frameworks;
			sourceTree = "<group>";
		};
		A012345D0000000000000002 /* Adjutant */ = {
			isa = PBXGroup;
			children = (
				A012345D0000000000000003 /* App */,
				A012345D0000000000000004 /* Features */,
				A012345D0000000000000005 /* Core */,
				A012345D0000000000000006 /* Core/Services */,
				A012345D0000000000000007 /* Resources */,
				A012345D0000000000000008 /* Preview Content */,
			);
			path = Adjutant;
			sourceTree = "<group>";
		};
		A012345D0000000000000003 /* App */ = {
			isa = PBXGroup;
			children = (
				A01234570000000000000001 /* AdjutantApp.swift */,
				A01234570000000000000040 /* AppDelegate.swift */,
				A01234570000000000000002 /* ContentView.swift */,
			);
			path = App;
			sourceTree = "<group>";
		};
		A012345D0000000000000004 /* Features */ = {
			isa = PBXGroup;
			children = (
			);
			path = Features;
			sourceTree = "<group>";
		};
		A012345D0000000000000005 /* Core */ = {
			isa = PBXGroup;
			children = (
			);
			path = Core;
			sourceTree = "<group>";
		};
		A012345D0000000000000006 /* Core/Services */ = {
			isa = PBXGroup;
			children = (
				A01234570000000000000030 /* TTSPlaybackService.swift */,
			);
			path = Core/Services;
			sourceTree = "<group>";
		};
		A012345D0000000000000007 /* Resources */ = {
			isa = PBXGroup;
			children = (
				A01234570000000000000003 /* Assets.xcassets */,
			);
			path = Resources;
			sourceTree = "<group>";
		};
		A012345D0000000000000008 /* Preview Content */ = {
			isa = PBXGroup;
			children = (
				A01234570000000000000004 /* Preview Assets.xcassets */,
			);
			path = "Preview Content";
			sourceTree = "<group>";
		};
		A012345D0000000000000010 /* AdjutantTests */ = {
			isa = PBXGroup;
			children = (
				A01234570000000000000010 /* AdjutantTests.swift */,
				A012345D0000000000000012 /* Core */,
			);
			path = AdjutantTests;
			sourceTree = "<group>";
		};
		A012345D0000000000000012 /* Core */ = {
			isa = PBXGroup;
			children = (
				A01234570000000000000011 /* TTSPlaybackServiceTests.swift */,
			);
			path = Core;
			sourceTree = "<group>";
		};
		A012345D0000000000000020 /* AdjutantUITests */ = {
			isa = PBXGroup;
			children = (
				A01234570000000000000020 /* AdjutantUITests.swift */,
				A01234570000000000000021 /* AdjutantUITestsLaunchTests.swift */,
			);
			path = AdjutantUITests;
			sourceTree = "<group>";
		};
		A012345D0000000000000099 /* Products */ = {
			isa = PBXGroup;
			children = (
				A012345B0000000000000001 /* Adjutant.app */,
				A012345B0000000000000010 /* AdjutantTests.xctest */,
				A012345B0000000000000020 /* AdjutantUITests.xctest */,
				A012345B00000000000000W1 /* AdjutantWidgets.appex */,
			);
			name = Products;
			sourceTree = "<group>";
		};
/* End PBXGroup section */

/* Begin PBXNativeTarget section */
		A012345A0000000000000001 /* Adjutant */ = {
			isa = PBXNativeTarget;
			buildConfigurationList = A012345E0000000000000001 /* Build configuration list for PBXNativeTarget "Adjutant" */;
			buildPhases = (
				A012345F0000000000000001 /* SwiftLint */,
				A01234600000000000000001 /* Sources */,
				A012345C0000000000000001 /* Frameworks */,
				A01234610000000000000001 /* Resources */,
				A0123461000000000000W001 /* Embed Foundation Extensions */,
			);
			buildRules = (
			);
			dependencies = (
				A0123462000000000000W001 /* PBXTargetDependency */,
			);
			name = Adjutant;
			packageProductDependencies = (
				6263C1642F26C5EC00A53DC1 /* AdjutantKit */,
				A01234710000000000000003 /* AdjutantUI */,
			);
			productName = Adjutant;
			productReference = A012345B0000000000000001 /* Adjutant.app */;
			productType = "com.apple.product-type.application";
		};
		A012345A0000000000000010 /* AdjutantTests */ = {
			isa = PBXNativeTarget;
			buildConfigurationList = A012345E0000000000000010 /* Build configuration list for PBXNativeTarget "AdjutantTests" */;
			buildPhases = (
				A01234600000000000000010 /* Sources */,
				A012345C0000000000000010 /* Frameworks */,
				A01234610000000000000010 /* Resources */,
			);
			buildRules = (
			);
			dependencies = (
				A01234620000000000000010 /* PBXTargetDependency */,
			);
			name = AdjutantTests;
			productName = AdjutantTests;
			productReference = A012345B0000000000000010 /* AdjutantTests.xctest */;
			productType = "com.apple.product-type.bundle.unit-test";
		};
		A012345A0000000000000020 /* AdjutantUITests */ = {
			isa = PBXNativeTarget;
			buildConfigurationList = A012345E0000000000000020 /* Build configuration list for PBXNativeTarget "AdjutantUITests" */;
			buildPhases = (
				A01234600000000000000020 /* Sources */,
				A012345C0000000000000020 /* Frameworks */,
				A01234610000000000000020 /* Resources */,
			);
			buildRules = (
			);
			dependencies = (
				A01234620000000000000020 /* PBXTargetDependency */,
			);
			name = AdjutantUITests;
			productName = AdjutantUITests;
			productReference = A012345B0000000000000020 /* AdjutantUITests.xctest */;
			productType = "com.apple.product-type.bundle.ui-testing";
		};
		A012345A00000000000000W1 /* AdjutantWidgets */ = {
			isa = PBXNativeTarget;
			buildConfigurationList = A012345E00000000000000W1 /* Build configuration list for PBXNativeTarget "AdjutantWidgets" */;
			buildPhases = (
				A0123460000000000000W001 /* Sources */,
				A012345C00000000000000W1 /* Frameworks */,
				A0123461000000000000W002 /* Resources */,
			);
			buildRules = (
			);
			dependencies = (
			);
			name = AdjutantWidgets;
			productName = AdjutantWidgets;
			productReference = A012345B00000000000000W1 /* AdjutantWidgets.appex */;
			productType = "com.apple.product-type.app-extension";
		};
/* End PBXNativeTarget section */

/* Begin PBXProject section */
		A01234590000000000000001 /* Project object */ = {
			isa = PBXProject;
			attributes = {
				BuildIndependentTargetsInParallel = 1;
				LastSwiftUpdateCheck = 1520;
				LastUpgradeCheck = 1520;
				TargetAttributes = {
					A012345A0000000000000001 = {
						CreatedOnToolsVersion = 15.2;
					};
					A012345A0000000000000010 = {
						CreatedOnToolsVersion = 15.2;
						TestTargetID = A012345A0000000000000001;
					};
					A012345A0000000000000020 = {
						CreatedOnToolsVersion = 15.2;
						TestTargetID = A012345A0000000000000001;
					};
					A012345A00000000000000W1 = {
						CreatedOnToolsVersion = 15.2;
					};
				};
			};
			buildConfigurationList = A012345E0000000000000099 /* Build configuration list for PBXProject "Adjutant" */;
			compatibilityVersion = "Xcode 14.0";
			developmentRegion = en;
			hasScannedForEncodings = 0;
			knownRegions = (
				en,
				Base,
			);
			mainGroup = A012345D0000000000000001;
			packageReferences = (
				6263C1632F26C5EC00A53DC1 /* XCLocalSwiftPackageReference "AdjutantKit" */,
				A01234700000000000000003 /* XCLocalSwiftPackageReference "." */,
			);
			productRefGroup = A012345D0000000000000099 /* Products */;
			projectDirPath = "";
			projectRoot = "";
			targets = (
				A012345A0000000000000001 /* Adjutant */,
				A012345A0000000000000010 /* AdjutantTests */,
				A012345A0000000000000020 /* AdjutantUITests */,
				A012345A00000000000000W1 /* AdjutantWidgets */,
			);
		};
/* End PBXProject section */

/* Begin PBXResourcesBuildPhase section */
		A01234610000000000000001 /* Resources */ = {
			isa = PBXResourcesBuildPhase;
			buildActionMask = 2147483647;
			files = (
				A01234560000000000000004 /* Preview Assets.xcassets in Resources */,
				A01234560000000000000003 /* Assets.xcassets in Resources */,
			);
			runOnlyForDeploymentPostprocessing = 0;
		};
		A01234610000000000000010 /* Resources */ = {
			isa = PBXResourcesBuildPhase;
			buildActionMask = 2147483647;
			files = (
			);
			runOnlyForDeploymentPostprocessing = 0;
		};
		A01234610000000000000020 /* Resources */ = {
			isa = PBXResourcesBuildPhase;
			buildActionMask = 2147483647;
			files = (
			);
			runOnlyForDeploymentPostprocessing = 0;
		};
		A0123461000000000000W002 /* Resources */ = {
			isa = PBXResourcesBuildPhase;
			buildActionMask = 2147483647;
			files = (
			);
			runOnlyForDeploymentPostprocessing = 0;
		};
/* End PBXResourcesBuildPhase section */

/* Begin PBXCopyFilesBuildPhase section */
		A0123461000000000000W001 /* Embed Foundation Extensions */ = {
			isa = PBXCopyFilesBuildPhase;
			buildActionMask = 2147483647;
			dstPath = "";
			dstSubfolderSpec = 13;
			files = (
				A012345600000000000000W4 /* AdjutantWidgets.appex in Embed Foundation Extensions */,
			);
			name = "Embed Foundation Extensions";
			runOnlyForDeploymentPostprocessing = 0;
		};
/* End PBXCopyFilesBuildPhase section */

/* Begin PBXShellScriptBuildPhase section */
		A012345F0000000000000001 /* SwiftLint */ = {
			isa = PBXShellScriptBuildPhase;
			alwaysOutOfDate = 1;
			buildActionMask = 2147483647;
			files = (
			);
			inputFileListPaths = (
			);
			inputPaths = (
			);
			name = SwiftLint;
			outputFileListPaths = (
			);
			outputPaths = (
			);
			runOnlyForDeploymentPostprocessing = 0;
			shellPath = /bin/sh;
			shellScript = "if which swiftlint > /dev/null; then\n  swiftlint\nelse\n  echo \"warning: SwiftLint not installed, download from https://github.com/realm/SwiftLint\"\nfi\n";
		};
/* End PBXShellScriptBuildPhase section */

/* Begin PBXSourcesBuildPhase section */
		A01234600000000000000001 /* Sources */ = {
			isa = PBXSourcesBuildPhase;
			buildActionMask = 2147483647;
			files = (
				A01234560000000000000001 /* AdjutantApp.swift in Sources */,
				A01234560000000000000040 /* AppDelegate.swift in Sources */,
			);
			runOnlyForDeploymentPostprocessing = 0;
		};
		A01234600000000000000010 /* Sources */ = {
			isa = PBXSourcesBuildPhase;
			buildActionMask = 2147483647;
			files = (
				A01234560000000000000010 /* AdjutantTests.swift in Sources */,
				A01234560000000000000011 /* TTSPlaybackServiceTests.swift in Sources */,
			);
			runOnlyForDeploymentPostprocessing = 0;
		};
		A01234600000000000000020 /* Sources */ = {
			isa = PBXSourcesBuildPhase;
			buildActionMask = 2147483647;
			files = (
				A01234560000000000000021 /* AdjutantUITestsLaunchTests.swift in Sources */,
				A01234560000000000000020 /* AdjutantUITests.swift in Sources */,
			);
			runOnlyForDeploymentPostprocessing = 0;
		};
		A0123460000000000000W001 /* Sources */ = {
			isa = PBXSourcesBuildPhase;
			buildActionMask = 2147483647;
			files = (
				A012345600000000000000W1 /* AdjutantWidgets.swift in Sources */,
			);
			runOnlyForDeploymentPostprocessing = 0;
		};
/* End PBXSourcesBuildPhase section */

/* Begin PBXTargetDependency section */
		A01234620000000000000010 /* PBXTargetDependency */ = {
			isa = PBXTargetDependency;
			target = A012345A0000000000000001 /* Adjutant */;
			targetProxy = A01234580000000000000010 /* PBXContainerItemProxy */;
		};
		A01234620000000000000020 /* PBXTargetDependency */ = {
			isa = PBXTargetDependency;
			target = A012345A0000000000000001 /* Adjutant */;
			targetProxy = A01234580000000000000020 /* PBXContainerItemProxy */;
		};
		A0123462000000000000W001 /* PBXTargetDependency */ = {
			isa = PBXTargetDependency;
			target = A012345A00000000000000W1 /* AdjutantWidgets */;
			targetProxy = A0123458000000000000W001 /* PBXContainerItemProxy */;
		};
/* End PBXTargetDependency section */

/* Begin XCBuildConfiguration section */
		A01234630000000000000001 /* Debug */ = {
			isa = XCBuildConfiguration;
			buildSettings = {
				ALWAYS_SEARCH_USER_PATHS = NO;
				ASSETCATALOG_COMPILER_GENERATE_SWIFT_ASSET_SYMBOL_EXTENSIONS = YES;
				CLANG_ANALYZER_NONNULL = YES;
				CLANG_ANALYZER_NUMBER_OBJECT_CONVERSION = YES_AGGRESSIVE;
				CLANG_CXX_LANGUAGE_STANDARD = "gnu++20";
				CLANG_ENABLE_MODULES = YES;
				CLANG_ENABLE_OBJC_ARC = YES;
				CLANG_ENABLE_OBJC_WEAK = YES;
				CLANG_WARN_BLOCK_CAPTURE_AUTORELEASING = YES;
				CLANG_WARN_BOOL_CONVERSION = YES;
				CLANG_WARN_COMMA = YES;
				CLANG_WARN_CONSTANT_CONVERSION = YES;
				CLANG_WARN_DEPRECATED_OBJC_IMPLEMENTATIONS = YES;
				CLANG_WARN_DIRECT_OBJC_ISA_USAGE = YES_ERROR;
				CLANG_WARN_DOCUMENTATION_COMMENTS = YES;
				CLANG_WARN_EMPTY_BODY = YES;
				CLANG_WARN_ENUM_CONVERSION = YES;
				CLANG_WARN_INFINITE_RECURSION = YES;
				CLANG_WARN_INT_CONVERSION = YES;
				CLANG_WARN_NON_LITERAL_NULL_CONVERSION = YES;
				CLANG_WARN_OBJC_IMPLICIT_RETAIN_SELF = YES;
				CLANG_WARN_OBJC_LITERAL_CONVERSION = YES;
				CLANG_WARN_OBJC_ROOT_CLASS = YES_ERROR;
				CLANG_WARN_QUOTED_INCLUDE_IN_FRAMEWORK_HEADER = YES;
				CLANG_WARN_RANGE_LOOP_ANALYSIS = YES;
				CLANG_WARN_STRICT_PROTOTYPES = YES;
				CLANG_WARN_SUSPICIOUS_MOVE = YES;
				CLANG_WARN_UNGUARDED_AVAILABILITY = YES_AGGRESSIVE;
				CLANG_WARN_UNREACHABLE_CODE = YES;
				CLANG_WARN__DUPLICATE_METHOD_MATCH = YES;
				COPY_PHASE_STRIP = NO;
				DEBUG_INFORMATION_FORMAT = dwarf;
				ENABLE_STRICT_OBJC_MSGSEND = YES;
				ENABLE_TESTABILITY = YES;
				ENABLE_USER_SCRIPT_SANDBOXING = YES;
				GCC_C_LANGUAGE_STANDARD = gnu17;
				GCC_DYNAMIC_NO_PIC = NO;
				GCC_NO_COMMON_BLOCKS = YES;
				GCC_OPTIMIZATION_LEVEL = 0;
				GCC_PREPROCESSOR_DEFINITIONS = (
					"DEBUG=1",
					"$(inherited)",
				);
				GCC_WARN_64_TO_32_BIT_CONVERSION = YES;
				GCC_WARN_ABOUT_RETURN_TYPE = YES_ERROR;
				GCC_WARN_UNDECLARED_SELECTOR = YES;
				GCC_WARN_UNINITIALIZED_AUTOS = YES_AGGRESSIVE;
				GCC_WARN_UNUSED_FUNCTION = YES;
				GCC_WARN_UNUSED_VARIABLE = YES;
				IPHONEOS_DEPLOYMENT_TARGET = 17.0;
				LOCALIZATION_PREFERS_STRING_CATALOGS = YES;
				MTL_ENABLE_DEBUG_INFO = INCLUDE_SOURCE;
				MTL_FAST_MATH = YES;
				ONLY_ACTIVE_ARCH = YES;
				SDKROOT = iphoneos;
				SWIFT_ACTIVE_COMPILATION_CONDITIONS = "DEBUG $(inherited)";
				SWIFT_OPTIMIZATION_LEVEL = "-Onone";
			};
			name = Debug;
		};
		A01234630000000000000002 /* Release */ = {
			isa = XCBuildConfiguration;
			buildSettings = {
				ALWAYS_SEARCH_USER_PATHS = NO;
				ASSETCATALOG_COMPILER_GENERATE_SWIFT_ASSET_SYMBOL_EXTENSIONS = YES;
				CLANG_ANALYZER_NONNULL = YES;
				CLANG_ANALYZER_NUMBER_OBJECT_CONVERSION = YES_AGGRESSIVE;
				CLANG_CXX_LANGUAGE_STANDARD = "gnu++20";
				CLANG_ENABLE_MODULES = YES;
				CLANG_ENABLE_OBJC_ARC = YES;
				CLANG_ENABLE_OBJC_WEAK = YES;
				CLANG_WARN_BLOCK_CAPTURE_AUTORELEASING = YES;
				CLANG_WARN_BOOL_CONVERSION = YES;
				CLANG_WARN_COMMA = YES;
				CLANG_WARN_CONSTANT_CONVERSION = YES;
				CLANG_WARN_DEPRECATED_OBJC_IMPLEMENTATIONS = YES;
				CLANG_WARN_DIRECT_OBJC_ISA_USAGE = YES_ERROR;
				CLANG_WARN_DOCUMENTATION_COMMENTS = YES;
				CLANG_WARN_EMPTY_BODY = YES;
				CLANG_WARN_ENUM_CONVERSION = YES;
				CLANG_WARN_INFINITE_RECURSION = YES;
				CLANG_WARN_INT_CONVERSION = YES;
				CLANG_WARN_NON_LITERAL_NULL_CONVERSION = YES;
				CLANG_WARN_OBJC_IMPLICIT_RETAIN_SELF = YES;
				CLANG_WARN_OBJC_LITERAL_CONVERSION = YES;
				CLANG_WARN_OBJC_ROOT_CLASS = YES_ERROR;
				CLANG_WARN_QUOTED_INCLUDE_IN_FRAMEWORK_HEADER = YES;
				CLANG_WARN_RANGE_LOOP_ANALYSIS = YES;
				CLANG_WARN_STRICT_PROTOTYPES = YES;
				CLANG_WARN_SUSPICIOUS_MOVE = YES;
				CLANG_WARN_UNGUARDED_AVAILABILITY = YES_AGGRESSIVE;
				CLANG_WARN_UNREACHABLE_CODE = YES;
				CLANG_WARN__DUPLICATE_METHOD_MATCH = YES;
				COPY_PHASE_STRIP = NO;
				DEBUG_INFORMATION_FORMAT = "dwarf-with-dsym";
				ENABLE_NS_ASSERTIONS = NO;
				ENABLE_STRICT_OBJC_MSGSEND = YES;
				ENABLE_USER_SCRIPT_SANDBOXING = YES;
				GCC_C_LANGUAGE_STANDARD = gnu17;
				GCC_NO_COMMON_BLOCKS = YES;
				GCC_WARN_64_TO_32_BIT_CONVERSION = YES;
				GCC_WARN_ABOUT_RETURN_TYPE = YES_ERROR;
				GCC_WARN_UNDECLARED_SELECTOR = YES;
				GCC_WARN_UNINITIALIZED_AUTOS = YES_AGGRESSIVE;
				GCC_WARN_UNUSED_FUNCTION = YES;
				GCC_WARN_UNUSED_VARIABLE = YES;
				IPHONEOS_DEPLOYMENT_TARGET = 17.0;
				LOCALIZATION_PREFERS_STRING_CATALOGS = YES;
				MTL_ENABLE_DEBUG_INFO = NO;
				MTL_FAST_MATH = YES;
				SDKROOT = iphoneos;
				SWIFT_COMPILATION_MODE = wholemodule;
				VALIDATE_PRODUCT = YES;
			};
			name = Release;
		};
		A01234640000000000000001 /* Debug */ = {
			isa = XCBuildConfiguration;
			buildSettings = {
				ASSETCATALOG_COMPILER_APPICON_NAME = AppIcon;
				ASSETCATALOG_COMPILER_GLOBAL_ACCENT_COLOR_NAME = AccentColor;
				CODE_SIGN_STYLE = Automatic;
				CURRENT_PROJECT_VERSION = 1;
				DEVELOPMENT_ASSET_PATHS = "\"Adjutant/Preview Content\"";
				DEVELOPMENT_TEAM = 2BRYAM5Q52;
				ENABLE_PREVIEWS = YES;
				GENERATE_INFOPLIST_FILE = YES;
				INFOPLIST_KEY_UIApplicationSceneManifest_Generation = YES;
				INFOPLIST_KEY_UIApplicationSupportsIndirectInputEvents = YES;
				INFOPLIST_KEY_UILaunchScreen_Generation = YES;
				INFOPLIST_KEY_UISupportedInterfaceOrientations_iPad = "UIInterfaceOrientationPortrait UIInterfaceOrientationPortraitUpsideDown UIInterfaceOrientationLandscapeLeft UIInterfaceOrientationLandscapeRight";
				INFOPLIST_KEY_UISupportedInterfaceOrientations_iPhone = "UIInterfaceOrientationPortrait UIInterfaceOrientationLandscapeLeft UIInterfaceOrientationLandscapeRight";
				LD_RUNPATH_SEARCH_PATHS = (
					"$(inherited)",
					"@executable_path/Frameworks",
				);
				MARKETING_VERSION = 1.0;
				PRODUCT_BUNDLE_IDENTIFIER = com.jmm.Adjutant;
				PRODUCT_NAME = "$(TARGET_NAME)";
				SWIFT_EMIT_LOC_STRINGS = YES;
				SWIFT_VERSION = 5.0;
				TARGETED_DEVICE_FAMILY = "1,2";
			};
			name = Debug;
		};
		A01234640000000000000002 /* Release */ = {
			isa = XCBuildConfiguration;
			buildSettings = {
				ASSETCATALOG_COMPILER_APPICON_NAME = AppIcon;
				ASSETCATALOG_COMPILER_GLOBAL_ACCENT_COLOR_NAME = AccentColor;
				CODE_SIGN_STYLE = Automatic;
				CURRENT_PROJECT_VERSION = 1;
				DEVELOPMENT_ASSET_PATHS = "\"Adjutant/Preview Content\"";
				DEVELOPMENT_TEAM = 2BRYAM5Q52;
				ENABLE_PREVIEWS = YES;
				GENERATE_INFOPLIST_FILE = YES;
				INFOPLIST_KEY_UIApplicationSceneManifest_Generation = YES;
				INFOPLIST_KEY_UIApplicationSupportsIndirectInputEvents = YES;
				INFOPLIST_KEY_UILaunchScreen_Generation = YES;
				INFOPLIST_KEY_UISupportedInterfaceOrientations_iPad = "UIInterfaceOrientationPortrait UIInterfaceOrientationPortraitUpsideDown UIInterfaceOrientationLandscapeLeft UIInterfaceOrientationLandscapeRight";
				INFOPLIST_KEY_UISupportedInterfaceOrientations_iPhone = "UIInterfaceOrientationPortrait UIInterfaceOrientationLandscapeLeft UIInterfaceOrientationLandscapeRight";
				LD_RUNPATH_SEARCH_PATHS = (
					"$(inherited)",
					"@executable_path/Frameworks",
				);
				MARKETING_VERSION = 1.0;
				PRODUCT_BUNDLE_IDENTIFIER = com.jmm.Adjutant;
				PRODUCT_NAME = "$(TARGET_NAME)";
				SWIFT_EMIT_LOC_STRINGS = YES;
				SWIFT_VERSION = 5.0;
				TARGETED_DEVICE_FAMILY = "1,2";
			};
			name = Release;
		};
		A01234650000000000000001 /* Debug */ = {
			isa = XCBuildConfiguration;
			buildSettings = {
				BUNDLE_LOADER = "$(TEST_HOST)";
				CODE_SIGN_STYLE = Automatic;
				CURRENT_PROJECT_VERSION = 1;
				GENERATE_INFOPLIST_FILE = YES;
				IPHONEOS_DEPLOYMENT_TARGET = 17.0;
				MARKETING_VERSION = 1.0;
				PRODUCT_BUNDLE_IDENTIFIER = com.gastown.AdjutantTests;
				PRODUCT_NAME = "$(TARGET_NAME)";
				SWIFT_EMIT_LOC_STRINGS = NO;
				SWIFT_VERSION = 5.0;
				TARGETED_DEVICE_FAMILY = "1,2";
				TEST_HOST = "$(BUILT_PRODUCTS_DIR)/Adjutant.app/$(BUNDLE_EXECUTABLE_FOLDER_PATH)/Adjutant";
			};
			name = Debug;
		};
		A01234650000000000000002 /* Release */ = {
			isa = XCBuildConfiguration;
			buildSettings = {
				BUNDLE_LOADER = "$(TEST_HOST)";
				CODE_SIGN_STYLE = Automatic;
				CURRENT_PROJECT_VERSION = 1;
				GENERATE_INFOPLIST_FILE = YES;
				IPHONEOS_DEPLOYMENT_TARGET = 17.0;
				MARKETING_VERSION = 1.0;
				PRODUCT_BUNDLE_IDENTIFIER = com.gastown.AdjutantTests;
				PRODUCT_NAME = "$(TARGET_NAME)";
				SWIFT_EMIT_LOC_STRINGS = NO;
				SWIFT_VERSION = 5.0;
				TARGETED_DEVICE_FAMILY = "1,2";
				TEST_HOST = "$(BUILT_PRODUCTS_DIR)/Adjutant.app/$(BUNDLE_EXECUTABLE_FOLDER_PATH)/Adjutant";
			};
			name = Release;
		};
		A01234660000000000000001 /* Debug */ = {
			isa = XCBuildConfiguration;
			buildSettings = {
				CODE_SIGN_STYLE = Automatic;
				CURRENT_PROJECT_VERSION = 1;
				GENERATE_INFOPLIST_FILE = YES;
				MARKETING_VERSION = 1.0;
				PRODUCT_BUNDLE_IDENTIFIER = com.gastown.AdjutantUITests;
				PRODUCT_NAME = "$(TARGET_NAME)";
				SWIFT_EMIT_LOC_STRINGS = NO;
				SWIFT_VERSION = 5.0;
				TARGETED_DEVICE_FAMILY = "1,2";
				TEST_TARGET_NAME = Adjutant;
			};
			name = Debug;
		};
		A01234660000000000000002 /* Release */ = {
			isa = XCBuildConfiguration;
			buildSettings = {
				CODE_SIGN_STYLE = Automatic;
				CURRENT_PROJECT_VERSION = 1;
				GENERATE_INFOPLIST_FILE = YES;
				MARKETING_VERSION = 1.0;
				PRODUCT_BUNDLE_IDENTIFIER = com.gastown.AdjutantUITests;
				PRODUCT_NAME = "$(TARGET_NAME)";
				SWIFT_EMIT_LOC_STRINGS = NO;
				SWIFT_VERSION = 5.0;
				TARGETED_DEVICE_FAMILY = "1,2";
				TEST_TARGET_NAME = Adjutant;
			};
			name = Release;
		};
		A0123467000000000000W001 /* Debug */ = {
			isa = XCBuildConfiguration;
			buildSettings = {
				ASSETCATALOG_COMPILER_GLOBAL_ACCENT_COLOR_NAME = AccentColor;
				ASSETCATALOG_COMPILER_WIDGET_BACKGROUND_COLOR_NAME = WidgetBackground;
				CODE_SIGN_STYLE = Automatic;
				CURRENT_PROJECT_VERSION = 1;
				DEVELOPMENT_TEAM = 2BRYAM5Q52;
				GENERATE_INFOPLIST_FILE = YES;
				INFOPLIST_FILE = AdjutantWidgets/Info.plist;
				INFOPLIST_KEY_CFBundleDisplayName = "Adjutant Widgets";
				INFOPLIST_KEY_NSHumanReadableCopyright = "";
				LD_RUNPATH_SEARCH_PATHS = (
					"$(inherited)",
					"@executable_path/Frameworks",
					"@executable_path/../../Frameworks",
				);
				MARKETING_VERSION = 1.0;
				PRODUCT_BUNDLE_IDENTIFIER = com.jmm.Adjutant.AdjutantWidgets;
				PRODUCT_NAME = "$(TARGET_NAME)";
				SKIP_INSTALL = YES;
				SWIFT_EMIT_LOC_STRINGS = YES;
				SWIFT_VERSION = 5.0;
				TARGETED_DEVICE_FAMILY = "1,2";
			};
			name = Debug;
		};
		A0123467000000000000W002 /* Release */ = {
			isa = XCBuildConfiguration;
			buildSettings = {
				ASSETCATALOG_COMPILER_GLOBAL_ACCENT_COLOR_NAME = AccentColor;
				ASSETCATALOG_COMPILER_WIDGET_BACKGROUND_COLOR_NAME = WidgetBackground;
				CODE_SIGN_STYLE = Automatic;
				CURRENT_PROJECT_VERSION = 1;
				DEVELOPMENT_TEAM = 2BRYAM5Q52;
				GENERATE_INFOPLIST_FILE = YES;
				INFOPLIST_FILE = AdjutantWidgets/Info.plist;
				INFOPLIST_KEY_CFBundleDisplayName = "Adjutant Widgets";
				INFOPLIST_KEY_NSHumanReadableCopyright = "";
				LD_RUNPATH_SEARCH_PATHS = (
					"$(inherited)",
					"@executable_path/Frameworks",
					"@executable_path/../../Frameworks",
				);
				MARKETING_VERSION = 1.0;
				PRODUCT_BUNDLE_IDENTIFIER = com.jmm.Adjutant.AdjutantWidgets;
				PRODUCT_NAME = "$(TARGET_NAME)";
				SKIP_INSTALL = YES;
				SWIFT_EMIT_LOC_STRINGS = YES;
				SWIFT_VERSION = 5.0;
				TARGETED_DEVICE_FAMILY = "1,2";
			};
			name = Release;
		};
/* End XCBuildConfiguration section */

/* Begin XCConfigurationList section */
		A012345E0000000000000001 /* Build configuration list for PBXNativeTarget "Adjutant" */ = {
			isa = XCConfigurationList;
			buildConfigurations = (
				A01234640000000000000001 /* Debug */,
				A01234640000000000000002 /* Release */,
			);
			defaultConfigurationIsVisible = 0;
			defaultConfigurationName = Release;
		};
		A012345E0000000000000010 /* Build configuration list for PBXNativeTarget "AdjutantTests" */ = {
			isa = XCConfigurationList;
			buildConfigurations = (
				A01234650000000000000001 /* Debug */,
				A01234650000000000000002 /* Release */,
			);
			defaultConfigurationIsVisible = 0;
			defaultConfigurationName = Release;
		};
		A012345E0000000000000020 /* Build configuration list for PBXNativeTarget "AdjutantUITests" */ = {
			isa = XCConfigurationList;
			buildConfigurations = (
				A01234660000000000000001 /* Debug */,
				A01234660000000000000002 /* Release */,
			);
			defaultConfigurationIsVisible = 0;
			defaultConfigurationName = Release;
		};
		A012345E0000000000000099 /* Build configuration list for PBXProject "Adjutant" */ = {
			isa = XCConfigurationList;
			buildConfigurations = (
				A01234630000000000000001 /* Debug */,
				A01234630000000000000002 /* Release */,
			);
			defaultConfigurationIsVisible = 0;
			defaultConfigurationName = Release;
		};
		A012345E00000000000000W1 /* Build configuration list for PBXNativeTarget "AdjutantWidgets" */ = {
			isa = XCConfigurationList;
			buildConfigurations = (
				A0123467000000000000W001 /* Debug */,
				A0123467000000000000W002 /* Release */,
			);
			defaultConfigurationIsVisible = 0;
			defaultConfigurationName = Release;
		};
/* End XCConfigurationList section */

/* Begin XCLocalSwiftPackageReference section */
		6263C1632F26C5EC00A53DC1 /* XCLocalSwiftPackageReference "AdjutantKit" */ = {
			isa = XCLocalSwiftPackageReference;
			relativePath = AdjutantKit;
		};
		A01234700000000000000003 /* XCLocalSwiftPackageReference "." */ = {
			isa = XCLocalSwiftPackageReference;
			relativePath = .;
		};
/* End XCLocalSwiftPackageReference section */

/* Begin XCSwiftPackageProductDependency section */
		6263C1642F26C5EC00A53DC1 /* AdjutantKit */ = {
			isa = XCSwiftPackageProductDependency;
			productName = AdjutantKit;
		};
		A01234710000000000000003 /* AdjutantUI */ = {
			isa = XCSwiftPackageProductDependency;
			productName = AdjutantUI;
		};
/* End XCSwiftPackageProductDependency section */
	};
	rootObject = A01234590000000000000001 /* Project object */;
}
